
Microsoft Visual Studio Solution File, Format Version 12.00
# Visual Studio Version 17
VisualStudioVersion = 17.14.36127.28 d17.14
MinimumVisualStudioVersion = 10.0.40219.1
Project("{FAE04EC0-301F-11D3-BF4B-00C04F79EFBC}") = "Semana4tarea1", "Semana4tarea1.csproj", "{2435A6BC-620A-45D7-AAD8-82D01FD1F7E2}"
EndProject
Global
	GlobalSection(SolutionConfigurationPlatforms) = preSolution
		Debug|Any CPU = Debug|Any CPU
		Release|Any CPU = Release|Any CPU
	EndGlobalSection
	GlobalSection(ProjectConfigurationPlatforms) = postSolution
		{2435A6BC-620A-45D7-AAD8-82D01FD1F7E2}.Debug|Any CPU.ActiveCfg = Debug|Any CPU
		{2435A6BC-620A-45D7-AAD8-82D01FD1F7E2}.Debug|Any CPU.Build.0 = Debug|Any CPU
		{2435A6BC-620A-45D7-AAD8-82D01FD1F7E2}.Release|Any CPU.ActiveCfg = Release|Any CPU
		{2435A6BC-620A-45D7-AAD8-82D01FD1F7E2}.Release|Any CPU.Build.0 = Release|Any CPU
	EndGlobalSection
	GlobalSection(SolutionProperties) = preSolution
		HideSolutionNode = FALSE
	EndGlobalSection
	GlobalSection(ExtensibilityGlobals) = postSolution
		SolutionGuid = {6E9740E1-B976-45DE-9832-A6F9FB105366}
	EndGlobalSection
EndGlobal
